
Microsoft Visual Studio Solution File, Format Version 12.00
# Visual Studio 2013
VisualStudioVersion = 12.0.31101.0
MinimumVisualStudioVersion = 10.0.40219.1
Project("{FAE04EC0-301F-11D3-BF4B-00C04F79EFBC}") = "Utility", "Utility\Utility.csproj", "{2B445D6F-9169-4F78-B5F6-B5F57F1DE0FC}"
EndProject
Project("{FAE04EC0-301F-11D3-BF4B-00C04F79EFBC}") = "Utility.Test", "Utility.Test\Utility.Test.csproj", "{4B03C3FB-1DE5-4498-8E17-08F7EE40545B}"
EndProject
Global
	GlobalSection(SolutionConfigurationPlatforms) = preSolution
		Debug|Any CPU = Debug|Any CPU
		Release|Any CPU = Release|Any CPU
	EndGlobalSection
	GlobalSection(ProjectConfigurationPlatforms) = postSolution
		{2B445D6F-9169-4F78-B5F6-B5F57F1DE0FC}.Debug|Any CPU.ActiveCfg = Debug|Any CPU
		{2B445D6F-9169-4F78-B5F6-B5F57F1DE0FC}.Debug|Any CPU.Build.0 = Debug|Any CPU
		{2B445D6F-9169-4F78-B5F6-B5F57F1DE0FC}.Release|Any CPU.ActiveCfg = Release|Any CPU
		{2B445D6F-9169-4F78-B5F6-B5F57F1DE0FC}.Release|Any CPU.Build.0 = Release|Any CPU
		{4B03C3FB-1DE5-4498-8E17-08F7EE40545B}.Debug|Any CPU.ActiveCfg = Debug|Any CPU
		{4B03C3FB-1DE5-4498-8E17-08F7EE40545B}.Debug|Any CPU.Build.0 = Debug|Any CPU
		{4B03C3FB-1DE5-4498-8E17-08F7EE40545B}.Release|Any CPU.ActiveCfg = Release|Any CPU
		{4B03C3FB-1DE5-4498-8E17-08F7EE40545B}.Release|Any CPU.Build.0 = Release|Any CPU
	EndGlobalSection
	GlobalSection(SolutionProperties) = preSolution
		HideSolutionNode = FALSE
	EndGlobalSection
EndGlobal
